
Microsoft Visual Studio Solution File, Format Version 12.00
# Visual Studio 14
VisualStudioVersion = 14.0.25123.0
MinimumVisualStudioVersion = 10.0.40219.1
Project("{FAE04EC0-301F-11D3-BF4B-00C04F79EFBC}") = "UI", "UI\UI.csproj", "{ABA62260-2A5A-4AE9-8D2B-82CFC0EE000F}"
EndProject
Project("{FAE04EC0-301F-11D3-BF4B-00C04F79EFBC}") = "Presenter", "Presenter\Presenter.csproj", "{122D8DEB-1A0E-4FCC-99C0-C134C3CF6AE4}"
EndProject
Project("{FAE04EC0-301F-11D3-BF4B-00C04F79EFBC}") = "Model", "Model\Model.csproj", "{855DFA72-ACE6-46BD-9A92-9E1531BFCEC3}"
EndProject
Global
	GlobalSection(SolutionConfigurationPlatforms) = preSolution
		Debug|Any CPU = Debug|Any CPU
		Release|Any CPU = Release|Any CPU
	EndGlobalSection
	GlobalSection(ProjectConfigurationPlatforms) = postSolution
		{ABA62260-2A5A-4AE9-8D2B-82CFC0EE000F}.Debug|Any CPU.ActiveCfg = Debug|Any CPU
		{ABA62260-2A5A-4AE9-8D2B-82CFC0EE000F}.Debug|Any CPU.Build.0 = Debug|Any CPU
		{ABA62260-2A5A-4AE9-8D2B-82CFC0EE000F}.Release|Any CPU.ActiveCfg = Release|Any CPU
		{ABA62260-2A5A-4AE9-8D2B-82CFC0EE000F}.Release|Any CPU.Build.0 = Release|Any CPU
		{122D8DEB-1A0E-4FCC-99C0-C134C3CF6AE4}.Debug|Any CPU.ActiveCfg = Debug|Any CPU
		{122D8DEB-1A0E-4FCC-99C0-C134C3CF6AE4}.Debug|Any CPU.Build.0 = Debug|Any CPU
		{122D8DEB-1A0E-4FCC-99C0-C134C3CF6AE4}.Release|Any CPU.ActiveCfg = Release|Any CPU
		{122D8DEB-1A0E-4FCC-99C0-C134C3CF6AE4}.Release|Any CPU.Build.0 = Release|Any CPU
		{855DFA72-ACE6-46BD-9A92-9E1531BFCEC3}.Debug|Any CPU.ActiveCfg = Debug|Any CPU
		{855DFA72-ACE6-46BD-9A92-9E1531BFCEC3}.Debug|Any CPU.Build.0 = Debug|Any CPU
		{855DFA72-ACE6-46BD-9A92-9E1531BFCEC3}.Release|Any CPU.ActiveCfg = Release|Any CPU
		{855DFA72-ACE6-46BD-9A92-9E1531BFCEC3}.Release|Any CPU.Build.0 = Release|Any CPU
	EndGlobalSection
	GlobalSection(SolutionProperties) = preSolution
		HideSolutionNode = FALSE
	EndGlobalSection
EndGlobal
